
Microsoft Visual Studio Solution File, Format Version 12.00
# Visual Studio Version 17
VisualStudioVersion = 17.0.31903.59
MinimumVisualStudioVersion = 10.0.40219.1
Project("{2150E333-8FDC-42A3-9474-1A3956D46DE8}") = "src", "src", "{827E0CD3-B72D-47B6-A68D-7590B98EB39B}"
EndProject
Project("{FAE04EC0-301F-11D3-BF4B-00C04F79EFBC}") = "BeamQualityAnalyzer.WpfClient", "src\BeamQualityAnalyzer.WpfClient\BeamQualityAnalyzer.WpfClient.csproj", "{2903D314-5D2C-40A6-A191-FB6E15002CE4}"
EndProject
Project("{FAE04EC0-301F-11D3-BF4B-00C04F79EFBC}") = "BeamQualityAnalyzer.ApiClient", "src\BeamQualityAnalyzer.ApiClient\BeamQualityAnalyzer.ApiClient.csproj", "{8890F43C-36EC-4D8B-AD98-2B57A5E15F1C}"
EndProject
Project("{2150E333-8FDC-42A3-9474-1A3956D46DE8}") = "tests", "tests", "{0AB3BF05-4346-4AA6-1389-037BE0695223}"
EndProject
Project("{FAE04EC0-301F-11D3-BF4B-00C04F79EFBC}") = "BeamQualityAnalyzer.WpfClient.Tests", "tests\BeamQualityAnalyzer.WpfClient.Tests\BeamQualityAnalyzer.WpfClient.Tests.csproj", "{101C0A82-ECFE-4CCF-AD17-0C9FD9D76080}"
EndProject
Project("{FAE04EC0-301F-11D3-BF4B-00C04F79EFBC}") = "BeamQualityAnalyzer.ApiClient.Tests", "tests\BeamQualityAnalyzer.ApiClient.Tests\BeamQualityAnalyzer.ApiClient.Tests.csproj", "{3773A391-612A-46E2-9D15-833AE1A2EF66}"
EndProject
Global
	GlobalSection(SolutionConfigurationPlatforms) = preSolution
		Debug|Any CPU = Debug|Any CPU
		Debug|x64 = Debug|x64
		Debug|x86 = Debug|x86
		Release|Any CPU = Release|Any CPU
		Release|x64 = Release|x64
		Release|x86 = Release|x86
	EndGlobalSection
	GlobalSection(ProjectConfigurationPlatforms) = postSolution
		{2903D314-5D2C-40A6-A191-FB6E15002CE4}.Debug|Any CPU.ActiveCfg = Debug|Any CPU
		{2903D314-5D2C-40A6-A191-FB6E15002CE4}.Debug|Any CPU.Build.0 = Debug|Any CPU
		{2903D314-5D2C-40A6-A191-FB6E15002CE4}.Debug|x64.ActiveCfg = Debug|Any CPU
		{2903D314-5D2C-40A6-A191-FB6E15002CE4}.Debug|x64.Build.0 = Debug|Any CPU
		{2903D314-5D2C-40A6-A191-FB6E15002CE4}.Debug|x86.ActiveCfg = Debug|Any CPU
		{2903D314-5D2C-40A6-A191-FB6E15002CE4}.Debug|x86.Build.0 = Debug|Any CPU
		{2903D314-5D2C-40A6-A191-FB6E15002CE4}.Release|Any CPU.ActiveCfg = Release|Any CPU
		{2903D314-5D2C-40A6-A191-FB6E15002CE4}.Release|Any CPU.Build.0 = Release|Any CPU
		{2903D314-5D2C-40A6-A191-FB6E15002CE4}.Release|x64.ActiveCfg = Release|Any CPU
		{2903D314-5D2C-40A6-A191-FB6E15002CE4}.Release|x64.Build.0 = Release|Any CPU
		{2903D314-5D2C-40A6-A191-FB6E15002CE4}.Release|x86.ActiveCfg = Release|Any CPU
		{2903D314-5D2C-40A6-A191-FB6E15002CE4}.Release|x86.Build.0 = Release|Any CPU
		{8890F43C-36EC-4D8B-AD98-2B57A5E15F1C}.Debug|Any CPU.ActiveCfg = Debug|Any CPU
		{8890F43C-36EC-4D8B-AD98-2B57A5E15F1C}.Debug|Any CPU.Build.0 = Debug|Any CPU
		{8890F43C-36EC-4D8B-AD98-2B57A5E15F1C}.Debug|x64.ActiveCfg = Debug|Any CPU
		{8890F43C-36EC-4D8B-AD98-2B57A5E15F1C}.Debug|x64.Build.0 = Debug|Any CPU
		{8890F43C-36EC-4D8B-AD98-2B57A5E15F1C}.Debug|x86.ActiveCfg = Debug|Any CPU
		{8890F43C-36EC-4D8B-AD98-2B57A5E15F1C}.Debug|x86.Build.0 = Debug|Any CPU
		{8890F43C-36EC-4D8B-AD98-2B57A5E15F1C}.Release|Any CPU.ActiveCfg = Release|Any CPU
		{8890F43C-36EC-4D8B-AD98-2B57A5E15F1C}.Release|Any CPU.Build.0 = Release|Any CPU
		{8890F43C-36EC-4D8B-AD98-2B57A5E15F1C}.Release|x64.ActiveCfg = Release|Any CPU
		{8890F43C-36EC-4D8B-AD98-2B57A5E15F1C}.Release|x64.Build.0 = Release|Any CPU
		{8890F43C-36EC-4D8B-AD98-2B57A5E15F1C}.Release|x86.ActiveCfg = Release|Any CPU
		{8890F43C-36EC-4D8B-AD98-2B57A5E15F1C}.Release|x86.Build.0 = Release|Any CPU
		{101C0A82-ECFE-4CCF-AD17-0C9FD9D76080}.Debug|Any CPU.ActiveCfg = Debug|Any CPU
		{101C0A82-ECFE-4CCF-AD17-0C9FD9D76080}.Debug|Any CPU.Build.0 = Debug|Any CPU
		{101C0A82-ECFE-4CCF-AD17-0C9FD9D76080}.Debug|x64.ActiveCfg = Debug|Any CPU
		{101C0A82-ECFE-4CCF-AD17-0C9FD9D76080}.Debug|x64.Build.0 = Debug|Any CPU
		{101C0A82-ECFE-4CCF-AD17-0C9FD9D76080}.Debug|x86.ActiveCfg = Debug|Any CPU
		{101C0A82-ECFE-4CCF-AD17-0C9FD9D76080}.Debug|x86.Build.0 = Debug|Any CPU
		{101C0A82-ECFE-4CCF-AD17-0C9FD9D76080}.Release|Any CPU.ActiveCfg = Release|Any CPU
		{101C0A82-ECFE-4CCF-AD17-0C9FD9D76080}.Release|Any CPU.Build.0 = Release|Any CPU
		{101C0A82-ECFE-4CCF-AD17-0C9FD9D76080}.Release|x64.ActiveCfg = Release|Any CPU
		{101C0A82-ECFE-4CCF-AD17-0C9FD9D76080}.Release|x64.Build.0 = Release|Any CPU
		{101C0A82-ECFE-4CCF-AD17-0C9FD9D76080}.Release|x86.ActiveCfg = Release|Any CPU
		{101C0A82-ECFE-4CCF-AD17-0C9FD9D76080}.Release|x86.Build.0 = Release|Any CPU
		{3773A391-612A-46E2-9D15-833AE1A2EF66}.Debug|Any CPU.ActiveCfg = Debug|Any CPU
		{3773A391-612A-46E2-9D15-833AE1A2EF66}.Debug|Any CPU.Build.0 = Debug|Any CPU
		{3773A391-612A-46E2-9D15-833AE1A2EF66}.Debug|x64.ActiveCfg = Debug|Any CPU
		{3773A391-612A-46E2-9D15-833AE1A2EF66}.Debug|x64.Build.0 = Debug|Any CPU
		{3773A391-612A-46E2-9D15-833AE1A2EF66}.Debug|x86.ActiveCfg = Debug|Any CPU
		{3773A391-612A-46E2-9D15-833AE1A2EF66}.Debug|x86.Build.0 = Debug|Any CPU
		{3773A391-612A-46E2-9D15-833AE1A2EF66}.Release|Any CPU.ActiveCfg = Release|Any CPU
		{3773A391-612A-46E2-9D15-833AE1A2EF66}.Release|Any CPU.Build.0 = Release|Any CPU
		{3773A391-612A-46E2-9D15-833AE1A2EF66}.Release|x64.ActiveCfg = Release|Any CPU
		{3773A391-612A-46E2-9D15-833AE1A2EF66}.Release|x64.Build.0 = Release|Any CPU
		{3773A391-612A-46E2-9D15-833AE1A2EF66}.Release|x86.ActiveCfg = Release|Any CPU
		{3773A391-612A-46E2-9D15-833AE1A2EF66}.Release|x86.Build.0 = Release|Any CPU
	EndGlobalSection
	GlobalSection(SolutionProperties) = preSolution
		HideSolutionNode = FALSE
	EndGlobalSection
	GlobalSection(NestedProjects) = preSolution
		{2903D314-5D2C-40A6-A191-FB6E15002CE4} = {827E0CD3-B72D-47B6-A68D-7590B98EB39B}
		{8890F43C-36EC-4D8B-AD98-2B57A5E15F1C} = {827E0CD3-B72D-47B6-A68D-7590B98EB39B}
		{101C0A82-ECFE-4CCF-AD17-0C9FD9D76080} = {0AB3BF05-4346-4AA6-1389-037BE0695223}
		{3773A391-612A-46E2-9D15-833AE1A2EF66} = {0AB3BF05-4346-4AA6-1389-037BE0695223}
	EndGlobalSection
EndGlobal
